
Microsoft Visual Studio Solution File, Format Version 12.00
# Visual Studio Version 16
VisualStudioVersion = 16.0.29503.13
MinimumVisualStudioVersion = 10.0.40219.1
Project("{FAE04EC0-301F-11D3-BF4B-00C04F79EFBC}") = "TicTacToe2", "TicTacToe2\TicTacToe2.csproj", "{696304AD-7D1F-49DB-8C37-54F6847040A8}"
EndProject
Global
	GlobalSection(SolutionConfigurationPlatforms) = preSolution
		Debug|Any CPU = Debug|Any CPU
		Release|Any CPU = Release|Any CPU
	EndGlobalSection
	GlobalSection(ProjectConfigurationPlatforms) = postSolution
		{696304AD-7D1F-49DB-8C37-54F6847040A8}.Debug|Any CPU.ActiveCfg = Debug|Any CPU
		{696304AD-7D1F-49DB-8C37-54F6847040A8}.Debug|Any CPU.Build.0 = Debug|Any CPU
		{696304AD-7D1F-49DB-8C37-54F6847040A8}.Release|Any CPU.ActiveCfg = Release|Any CPU
		{696304AD-7D1F-49DB-8C37-54F6847040A8}.Release|Any CPU.Build.0 = Release|Any CPU
	EndGlobalSection
	GlobalSection(SolutionProperties) = preSolution
		HideSolutionNode = FALSE
	EndGlobalSection
	GlobalSection(ExtensibilityGlobals) = postSolution
		SolutionGuid = {2850FE45-E6DC-405F-B84B-C1E7DF0FA79B}
	EndGlobalSection
EndGlobal
